// !$*UTF8*$!
{
	archiveVersion = 1;
	classes = {
	};
	objectVersion = 77;
	objects = {

/* Begin PBXBuildFile section */
		6D6720362F5B70990023D811 /* FluidAudio in Frameworks */ = {isa = PBXBuildFile; productRef = 6D6720352F5B70990023D811 /* FluidAudio */; };
		6D6720372F5B70990023D811 /* FluidAudioEspeak in Frameworks */ = {isa = PBXBuildFile; productRef = 6D6720382F5B70990023D811 /* FluidAudioEspeak */; };
		6D67203D2F5E70990023D811 /* MLXAudioTTS in Frameworks */ = {isa = PBXBuildFile; productRef = 6D67203B2F5E70990023D811 /* MLXAudioTTS */; };
		6D67203E2F5E70990023D811 /* MLXAudioCore in Frameworks */ = {isa = PBXBuildFile; productRef = 6D67203C2F5E70990023D811 /* MLXAudioCore */; };
		6DAA036A2F69392600A49B15 /* WhisperKit in Frameworks */ = {isa = PBXBuildFile; productRef = 6DAA03692F69392600A49B15 /* WhisperKit */; };
		6DAA036D2F7A000000A49B15 /* Starscream in Frameworks */ = {isa = PBXBuildFile; productRef = 6DAA036C2F7A000000A49B15 /* Starscream */; };
/* End PBXBuildFile section */

/* Begin PBXContainerItemProxy section */
		6D67201F2F5B6CC10023D811 /* PBXContainerItemProxy */ = {
			isa = PBXContainerItemProxy;
			containerPortal = 6DC120E82F5B66B800211F41 /* Project object */;
			proxyType = 1;
			remoteGlobalIDString = 6DC120EF2F5B66B800211F41;
			remoteInfo = TranslateCall;
		};
/* End PBXContainerItemProxy section */

/* Begin PBXFileReference section */
		6D67201B2F5B6CC10023D811 /* TranslateCallTests.xctest */ = {isa = PBXFileReference; explicitFileType = wrapper.cfbundle; includeInIndex = 0; path = TranslateCallTests.xctest; sourceTree = BUILT_PRODUCTS_DIR; };
		6DC120F02F5B66B800211F41 /* TranslateCall.app */ = {isa = PBXFileReference; explicitFileType = wrapper.application; includeInIndex = 0; path = TranslateCall.app; sourceTree = BUILT_PRODUCTS_DIR; };
/* End PBXFileReference section */

/* Begin PBXFileSystemSynchronizedRootGroup section */
		6D67201C2F5B6CC10023D811 /* TranslateCallTests */ = {
			isa = PBXFileSystemSynchronizedRootGroup;
			path = TranslateCallTests;
			sourceTree = "<group>";
		};
		6DC120F22F5B66B800211F41 /* TranslateCall */ = {
			isa = PBXFileSystemSynchronizedRootGroup;
			path = TranslateCall;
			sourceTree = "<group>";
		};
/* End PBXFileSystemSynchronizedRootGroup section */

/* Begin PBXFrameworksBuildPhase section */
		6D6720182F5B6CC10023D811 /* Frameworks */ = {
			isa = PBXFrameworksBuildPhase;
			buildActionMask = 2147483647;
			files = (
			);
			runOnlyForDeploymentPostprocessing = 0;
		};
		6DC120ED2F5B66B800211F41 /* Frameworks */ = {
			isa = PBXFrameworksBuildPhase;
			buildActionMask = 2147483647;
			files = (
				6D6720362F5B70990023D811 /* FluidAudio in Frameworks */,
				6D6720372F5B70990023D811 /* FluidAudioEspeak in Frameworks */,
				6DAA036A2F69392600A49B15 /* WhisperKit in Frameworks */,
				6D67203D2F5E70990023D811 /* MLXAudioTTS in Frameworks */,
				6D67203E2F5E70990023D811 /* MLXAudioCore in Frameworks */,
				6DAA036D2F7A000000A49B15 /* Starscream in Frameworks */,
			);
			runOnlyForDeploymentPostprocessing = 0;
		};
/* End PBXFrameworksBuildPhase section */

/* Begin PBXGroup section */
		6DC120E72F5B66B800211F41 = {
			isa = PBXGroup;
			children = (
				6DC120F22F5B66B800211F41 /* TranslateCall */,
				6D67201C2F5B6CC10023D811 /* TranslateCallTests */,
				6DC120F12F5B66B800211F41 /* Products */,
			);
			sourceTree = "<group>";
		};
		6DC120F12F5B66B800211F41 /* Products */ = {
			isa = PBXGroup;
			children = (
				6DC120F02F5B66B800211F41 /* TranslateCall.app */,
				6D67201B2F5B6CC10023D811 /* TranslateCallTests.xctest */,
			);
			name = Products;
			sourceTree = "<group>";
		};
/* End PBXGroup section */

/* Begin PBXNativeTarget section */
		6D67201A2F5B6CC10023D811 /* TranslateCallTests */ = {
			isa = PBXNativeTarget;
			buildConfigurationList = 6D6720212F5B6CC10023D811 /* Build configuration list for PBXNativeTarget "TranslateCallTests" */;
			buildPhases = (
				6D6720172F5B6CC10023D811 /* Sources */,
				6D6720182F5B6CC10023D811 /* Frameworks */,
				6D6720192F5B6CC10023D811 /* Resources */,
			);
			buildRules = (
			);
			dependencies = (
				6D6720202F5B6CC10023D811 /* PBXTargetDependency */,
			);
			fileSystemSynchronizedGroups = (
				6D67201C2F5B6CC10023D811 /* TranslateCallTests */,
			);
			name = TranslateCallTests;
			packageProductDependencies = (
			);
			productName = TranslateCallTests;
			productReference = 6D67201B2F5B6CC10023D811 /* TranslateCallTests.xctest */;
			productType = "com.apple.product-type.bundle.unit-test";
		};
		6DC120EF2F5B66B800211F41 /* TranslateCall */ = {
			isa = PBXNativeTarget;
			buildConfigurationList = 6DC120FB2F5B66B900211F41 /* Build configuration list for PBXNativeTarget "TranslateCall" */;
			buildPhases = (
				6D6720242F5B6D090023D811 /* Run Script */,
				6DC120EC2F5B66B800211F41 /* Sources */,
				6DC120ED2F5B66B800211F41 /* Frameworks */,
				6DC120EE2F5B66B800211F41 /* Resources */,
			);
			buildRules = (
			);
			dependencies = (
			);
			fileSystemSynchronizedGroups = (
				6DC120F22F5B66B800211F41 /* TranslateCall */,
			);
			name = TranslateCall;
			packageProductDependencies = (
				6D6720352F5B70990023D811 /* FluidAudio */,
				6D6720382F5B70990023D811 /* FluidAudioEspeak */,
				6D67203B2F5E70990023D811 /* MLXAudioTTS */,
				6D67203C2F5E70990023D811 /* MLXAudioCore */,
				6DAA03692F69392600A49B15 /* WhisperKit */,
				6DAA036C2F7A000000A49B15 /* Starscream */,
			);
			productName = TranslateCall;
			productReference = 6DC120F02F5B66B800211F41 /* TranslateCall.app */;
			productType = "com.apple.product-type.application";
		};
/* End PBXNativeTarget section */

/* Begin PBXProject section */
		6DC120E82F5B66B800211F41 /* Project object */ = {
			isa = PBXProject;
			attributes = {
				BuildIndependentTargetsInParallel = 1;
				LastSwiftUpdateCheck = 2630;
				LastUpgradeCheck = 2630;
				TargetAttributes = {
					6D67201A2F5B6CC10023D811 = {
						CreatedOnToolsVersion = 26.3;
						TestTargetID = 6DC120EF2F5B66B800211F41;
					};
					6DC120EF2F5B66B800211F41 = {
						CreatedOnToolsVersion = 26.3;
					};
				};
			};
			buildConfigurationList = 6DC120EB2F5B66B800211F41 /* Build configuration list for PBXProject "TranslateCall" */;
			developmentRegion = en;
			hasScannedForEncodings = 0;
			knownRegions = (
				en,
				Base,
			);
			mainGroup = 6DC120E72F5B66B800211F41;
			minimizedProjectReferenceProxies = 1;
			packageReferences = (
				6D6720342F5B70990023D811 /* XCRemoteSwiftPackageReference "FluidAudio" */,
				6D67203A2F5E70990023D811 /* XCRemoteSwiftPackageReference "mlx-audio-swift" */,
				6DAA03682F69392600A49B15 /* XCRemoteSwiftPackageReference "WhisperKit" */,
				6DAA036B2F7A000000A49B15 /* XCRemoteSwiftPackageReference "Starscream" */,
			);
			preferredProjectObjectVersion = 77;
			productRefGroup = 6DC120F12F5B66B800211F41 /* Products */;
			projectDirPath = "";
			projectRoot = "";
			targets = (
				6DC120EF2F5B66B800211F41 /* TranslateCall */,
				6D67201A2F5B6CC10023D811 /* TranslateCallTests */,
			);
		};
/* End PBXProject section */

/* Begin PBXResourcesBuildPhase section */
		6D6720192F5B6CC10023D811 /* Resources */ = {
			isa = PBXResourcesBuildPhase;
			buildActionMask = 2147483647;
			files = (
			);
			runOnlyForDeploymentPostprocessing = 0;
		};
		6DC120EE2F5B66B800211F41 /* Resources */ = {
			isa = PBXResourcesBuildPhase;
			buildActionMask = 2147483647;
			files = (
			);
			runOnlyForDeploymentPostprocessing = 0;
		};
/* End PBXResourcesBuildPhase section */

/* Begin PBXShellScriptBuildPhase section */
		6D6720242F5B6D090023D811 /* Run Script */ = {
			isa = PBXShellScriptBuildPhase;
			alwaysOutOfDate = 1;
			buildActionMask = 2147483647;
			files = (
			);
			inputFileListPaths = (
			);
			inputPaths = (
			);
			name = "Run Script";
			outputFileListPaths = (
			);
			outputPaths = (
			);
			runOnlyForDeploymentPostprocessing = 0;
			shellPath = /bin/sh;
			shellScript = "export PATH=\"$PATH:/opt/homebrew/bin\"                                                                                                                                                                           \nif which swiftlint > /dev/null; then\n    swiftlint                                                                                                                                                                                                 \nelse                                                      \n    echo \"warning: SwiftLint not installed — run: brew install swiftlint\"\nfi\n";
		};
/* End PBXShellScriptBuildPhase section */

/* Begin PBXSourcesBuildPhase section */
		6D6720172F5B6CC10023D811 /* Sources */ = {
			isa = PBXSourcesBuildPhase;
			buildActionMask = 2147483647;
			files = (
			);
			runOnlyForDeploymentPostprocessing = 0;
		};
		6DC120EC2F5B66B800211F41 /* Sources */ = {
			isa = PBXSourcesBuildPhase;
			buildActionMask = 2147483647;
			files = (
			);
			runOnlyForDeploymentPostprocessing = 0;
		};
/* End PBXSourcesBuildPhase section */

/* Begin PBXTargetDependency section */
		6D6720202F5B6CC10023D811 /* PBXTargetDependency */ = {
			isa = PBXTargetDependency;
			target = 6DC120EF2F5B66B800211F41 /* TranslateCall */;
			targetProxy = 6D67201F2F5B6CC10023D811 /* PBXContainerItemProxy */;
		};
/* End PBXTargetDependency section */

/* Begin XCBuildConfiguration section */
		6D6720222F5B6CC10023D811 /* Debug */ = {
			isa = XCBuildConfiguration;
			buildSettings = {
				BUNDLE_LOADER = "$(TEST_HOST)";
				"CODE_SIGN_IDENTITY[sdk=macosx*]" = "Apple Development";
				CODE_SIGN_STYLE = Automatic;
				CURRENT_PROJECT_VERSION = 1;
				DEVELOPMENT_TEAM = 8H8Q5Q22R6;
				GENERATE_INFOPLIST_FILE = YES;
				MACOSX_DEPLOYMENT_TARGET = 26.2;
				MARKETING_VERSION = 1.0;
				PRODUCT_BUNDLE_IDENTIFIER = com.spbarber.TranslateCallTests;
				PRODUCT_NAME = "$(TARGET_NAME)";
				STRING_CATALOG_GENERATE_SYMBOLS = NO;
				SWIFT_APPROACHABLE_CONCURRENCY = YES;
				SWIFT_EMIT_LOC_STRINGS = NO;
				SWIFT_UPCOMING_FEATURE_MEMBER_IMPORT_VISIBILITY = YES;
				SWIFT_VERSION = 5.0;
				TEST_HOST = "$(BUILT_PRODUCTS_DIR)/TranslateCall.app/$(BUNDLE_EXECUTABLE_FOLDER_PATH)/TranslateCall";
			};
			name = Debug;
		};
		6D6720232F5B6CC10023D811 /* Release */ = {
			isa = XCBuildConfiguration;
			buildSettings = {
				BUNDLE_LOADER = "$(TEST_HOST)";
				"CODE_SIGN_IDENTITY[sdk=macosx*]" = "Apple Development";
				CODE_SIGN_STYLE = Automatic;
				CURRENT_PROJECT_VERSION = 1;
				DEVELOPMENT_TEAM = 8H8Q5Q22R6;
				GENERATE_INFOPLIST_FILE = YES;
				MACOSX_DEPLOYMENT_TARGET = 26.2;
				MARKETING_VERSION = 1.0;
				PRODUCT_BUNDLE_IDENTIFIER = com.spbarber.TranslateCallTests;
				PRODUCT_NAME = "$(TARGET_NAME)";
				STRING_CATALOG_GENERATE_SYMBOLS = NO;
				SWIFT_APPROACHABLE_CONCURRENCY = YES;
				SWIFT_EMIT_LOC_STRINGS = NO;
				SWIFT_UPCOMING_FEATURE_MEMBER_IMPORT_VISIBILITY = YES;
				SWIFT_VERSION = 5.0;
				TEST_HOST = "$(BUILT_PRODUCTS_DIR)/TranslateCall.app/$(BUNDLE_EXECUTABLE_FOLDER_PATH)/TranslateCall";
			};
			name = Release;
		};
		6DC120F92F5B66B900211F41 /* Debug */ = {
			isa = XCBuildConfiguration;
			buildSettings = {
				ALWAYS_SEARCH_USER_PATHS = NO;
				ASSETCATALOG_COMPILER_GENERATE_SWIFT_ASSET_SYMBOL_EXTENSIONS = YES;
				CLANG_ANALYZER_NONNULL = YES;
				CLANG_ANALYZER_NUMBER_OBJECT_CONVERSION = YES_AGGRESSIVE;
				CLANG_CXX_LANGUAGE_STANDARD = "gnu++20";
				CLANG_ENABLE_MODULES = YES;
				CLANG_ENABLE_OBJC_ARC = YES;
				CLANG_ENABLE_OBJC_WEAK = YES;
				CLANG_WARN_BLOCK_CAPTURE_AUTORELEASING = YES;
				CLANG_WARN_BOOL_CONVERSION = YES;
				CLANG_WARN_COMMA = YES;
				CLANG_WARN_CONSTANT_CONVERSION = YES;
				CLANG_WARN_DEPRECATED_OBJC_IMPLEMENTATIONS = YES;
				CLANG_WARN_DIRECT_OBJC_ISA_USAGE = YES_ERROR;
				CLANG_WARN_DOCUMENTATION_COMMENTS = YES;
				CLANG_WARN_EMPTY_BODY = YES;
				CLANG_WARN_ENUM_CONVERSION = YES;
				CLANG_WARN_INFINITE_RECURSION = YES;
				CLANG_WARN_INT_CONVERSION = YES;
				CLANG_WARN_NON_LITERAL_NULL_CONVERSION = YES;
				CLANG_WARN_OBJC_IMPLICIT_RETAIN_SELF = YES;
				CLANG_WARN_OBJC_LITERAL_CONVERSION = YES;
				CLANG_WARN_OBJC_ROOT_CLASS = YES_ERROR;
				CLANG_WARN_QUOTED_INCLUDE_IN_FRAMEWORK_HEADER = YES;
				CLANG_WARN_RANGE_LOOP_ANALYSIS = YES;
				CLANG_WARN_STRICT_PROTOTYPES = YES;
				CLANG_WARN_SUSPICIOUS_MOVE = YES;
				CLANG_WARN_UNGUARDED_AVAILABILITY = YES_AGGRESSIVE;
				CLANG_WARN_UNREACHABLE_CODE = YES;
				CLANG_WARN__DUPLICATE_METHOD_MATCH = YES;
				COPY_PHASE_STRIP = NO;
				DEBUG_INFORMATION_FORMAT = dwarf;
				DEVELOPMENT_TEAM = 8A6PXCGB7U;
				ENABLE_STRICT_OBJC_MSGSEND = YES;
				ENABLE_TESTABILITY = YES;
				ENABLE_USER_SCRIPT_SANDBOXING = NO;
				GCC_C_LANGUAGE_STANDARD = gnu17;
				GCC_DYNAMIC_NO_PIC = NO;
				GCC_NO_COMMON_BLOCKS = YES;
				GCC_OPTIMIZATION_LEVEL = 0;
				GCC_PREPROCESSOR_DEFINITIONS = (
					"DEBUG=1",
					"$(inherited)",
				);
				GCC_WARN_64_TO_32_BIT_CONVERSION = YES;
				GCC_WARN_ABOUT_RETURN_TYPE = YES_ERROR;
				GCC_WARN_UNDECLARED_SELECTOR = YES;
				GCC_WARN_UNINITIALIZED_AUTOS = YES_AGGRESSIVE;
				GCC_WARN_UNUSED_FUNCTION = YES;
				GCC_WARN_UNUSED_VARIABLE = YES;
				LOCALIZATION_PREFERS_STRING_CATALOGS = YES;
				MACOSX_DEPLOYMENT_TARGET = 15.0;
				MTL_ENABLE_DEBUG_INFO = INCLUDE_SOURCE;
				MTL_FAST_MATH = YES;
				ONLY_ACTIVE_ARCH = YES;
				SDKROOT = macosx;
				SWIFT_ACTIVE_COMPILATION_CONDITIONS = "DEBUG $(inherited)";
				SWIFT_OPTIMIZATION_LEVEL = "-Onone";
			};
			name = Debug;
		};
		6DC120FA2F5B66B900211F41 /* Release */ = {
			isa = XCBuildConfiguration;
			buildSettings = {
				ALWAYS_SEARCH_USER_PATHS = NO;
				ASSETCATALOG_COMPILER_GENERATE_SWIFT_ASSET_SYMBOL_EXTENSIONS = YES;
				CLANG_ANALYZER_NONNULL = YES;
				CLANG_ANALYZER_NUMBER_OBJECT_CONVERSION = YES_AGGRESSIVE;
				CLANG_CXX_LANGUAGE_STANDARD = "gnu++20";
				CLANG_ENABLE_MODULES = YES;
				CLANG_ENABLE_OBJC_ARC = YES;
				CLANG_ENABLE_OBJC_WEAK = YES;
				CLANG_WARN_BLOCK_CAPTURE_AUTORELEASING = YES;
				CLANG_WARN_BOOL_CONVERSION = YES;
				CLANG_WARN_COMMA = YES;
				CLANG_WARN_CONSTANT_CONVERSION = YES;
				CLANG_WARN_DEPRECATED_OBJC_IMPLEMENTATIONS = YES;
				CLANG_WARN_DIRECT_OBJC_ISA_USAGE = YES_ERROR;
				CLANG_WARN_DOCUMENTATION_COMMENTS = YES;
				CLANG_WARN_EMPTY_BODY = YES;
				CLANG_WARN_ENUM_CONVERSION = YES;
				CLANG_WARN_INFINITE_RECURSION = YES;
				CLANG_WARN_INT_CONVERSION = YES;
				CLANG_WARN_NON_LITERAL_NULL_CONVERSION = YES;
				CLANG_WARN_OBJC_IMPLICIT_RETAIN_SELF = YES;
				CLANG_WARN_OBJC_LITERAL_CONVERSION = YES;
				CLANG_WARN_OBJC_ROOT_CLASS = YES_ERROR;
				CLANG_WARN_QUOTED_INCLUDE_IN_FRAMEWORK_HEADER = YES;
				CLANG_WARN_RANGE_LOOP_ANALYSIS = YES;
				CLANG_WARN_STRICT_PROTOTYPES = YES;
				CLANG_WARN_SUSPICIOUS_MOVE = YES;
				CLANG_WARN_UNGUARDED_AVAILABILITY = YES_AGGRESSIVE;
				CLANG_WARN_UNREACHABLE_CODE = YES;
				CLANG_WARN__DUPLICATE_METHOD_MATCH = YES;
				COPY_PHASE_STRIP = NO;
				DEBUG_INFORMATION_FORMAT = "dwarf-with-dsym";
				DEVELOPMENT_TEAM = 8A6PXCGB7U;
				ENABLE_NS_ASSERTIONS = NO;
				ENABLE_STRICT_OBJC_MSGSEND = YES;
				ENABLE_USER_SCRIPT_SANDBOXING = NO;
				GCC_C_LANGUAGE_STANDARD = gnu17;
				GCC_NO_COMMON_BLOCKS = YES;
				GCC_WARN_64_TO_32_BIT_CONVERSION = YES;
				GCC_WARN_ABOUT_RETURN_TYPE = YES_ERROR;
				GCC_WARN_UNDECLARED_SELECTOR = YES;
				GCC_WARN_UNINITIALIZED_AUTOS = YES_AGGRESSIVE;
				GCC_WARN_UNUSED_FUNCTION = YES;
				GCC_WARN_UNUSED_VARIABLE = YES;
				LOCALIZATION_PREFERS_STRING_CATALOGS = YES;
				MACOSX_DEPLOYMENT_TARGET = 15.0;
				MTL_ENABLE_DEBUG_INFO = NO;
				MTL_FAST_MATH = YES;
				SDKROOT = macosx;
				SWIFT_COMPILATION_MODE = wholemodule;
			};
			name = Release;
		};
		6DC120FC2F5B66B900211F41 /* Debug */ = {
			isa = XCBuildConfiguration;
			buildSettings = {
				ASSETCATALOG_COMPILER_APPICON_NAME = AppIcon;
				ASSETCATALOG_COMPILER_GLOBAL_ACCENT_COLOR_NAME = AccentColor;
				CODE_SIGN_ENTITLEMENTS = TranslateCall/TranslateCall.entitlements;
				CODE_SIGN_IDENTITY = "Apple Development";
				"CODE_SIGN_IDENTITY[sdk=macosx*]" = "Apple Development";
				CODE_SIGN_STYLE = Automatic;
				COMBINE_HIDPI_IMAGES = YES;
				CURRENT_PROJECT_VERSION = 1;
				DEVELOPMENT_TEAM = 8H8Q5Q22R6;
				ENABLE_APP_SANDBOX = NO;
				ENABLE_HARDENED_RUNTIME = YES;
				ENABLE_PREVIEWS = YES;
				ENABLE_USER_SELECTED_FILES = readonly;
				GENERATE_INFOPLIST_FILE = YES;
				INFOPLIST_KEY_NSHumanReadableCopyright = "© 2026 TranslateCall";
				INFOPLIST_KEY_NSMicrophoneUsageDescription = "TranslateCall needs microphone access to capture your voice for translation.";
				INFOPLIST_KEY_NSSpeechRecognitionUsageDescription = "TranslateCall uses speech recognition to transcribe your spoken words for translation.";
				LD_RUNPATH_SEARCH_PATHS = (
					"$(inherited)",
					"@executable_path/../Frameworks",
				);
				MARKETING_VERSION = 0.8.0;
				PRODUCT_BUNDLE_IDENTIFIER = com.spbarber.TranslateCall;
				PRODUCT_NAME = "$(TARGET_NAME)";
				PROVISIONING_PROFILE_SPECIFIER = "";
				REGISTER_APP_GROUPS = YES;
				STRING_CATALOG_GENERATE_SYMBOLS = YES;
				SWIFT_APPROACHABLE_CONCURRENCY = YES;
				SWIFT_DEFAULT_ACTOR_ISOLATION = MainActor;
				SWIFT_EMIT_LOC_STRINGS = YES;
				SWIFT_STRICT_CONCURRENCY = complete;
				SWIFT_UPCOMING_FEATURE_MEMBER_IMPORT_VISIBILITY = YES;
				SWIFT_VERSION = 6.0;
			};
			name = Debug;
		};
		6DC120FD2F5B66B900211F41 /* Release */ = {
			isa = XCBuildConfiguration;
			buildSettings = {
				ASSETCATALOG_COMPILER_APPICON_NAME = AppIcon;
				ASSETCATALOG_COMPILER_GLOBAL_ACCENT_COLOR_NAME = AccentColor;
				CODE_SIGN_ENTITLEMENTS = TranslateCall/TranslateCall.entitlements;
				CODE_SIGN_IDENTITY = "Apple Development";
				"CODE_SIGN_IDENTITY[sdk=macosx*]" = "Apple Development";
				CODE_SIGN_STYLE = Automatic;
				COMBINE_HIDPI_IMAGES = YES;
				CURRENT_PROJECT_VERSION = 1;
				DEVELOPMENT_TEAM = 8H8Q5Q22R6;
				ENABLE_APP_SANDBOX = NO;
				ENABLE_HARDENED_RUNTIME = YES;
				ENABLE_PREVIEWS = YES;
				ENABLE_USER_SELECTED_FILES = readonly;
				GENERATE_INFOPLIST_FILE = YES;
				INFOPLIST_KEY_NSHumanReadableCopyright = "© 2026 TranslateCall";
				INFOPLIST_KEY_NSMicrophoneUsageDescription = "TranslateCall needs microphone access to capture your voice for translation.";
				INFOPLIST_KEY_NSSpeechRecognitionUsageDescription = "TranslateCall uses speech recognition to transcribe your spoken words for translation.";
				LD_RUNPATH_SEARCH_PATHS = (
					"$(inherited)",
					"@executable_path/../Frameworks",
				);
				MARKETING_VERSION = 0.8.0;
				PRODUCT_BUNDLE_IDENTIFIER = com.spbarber.TranslateCall;
				PRODUCT_NAME = "$(TARGET_NAME)";
				PROVISIONING_PROFILE_SPECIFIER = "";
				REGISTER_APP_GROUPS = YES;
				STRING_CATALOG_GENERATE_SYMBOLS = YES;
				SWIFT_APPROACHABLE_CONCURRENCY = YES;
				SWIFT_DEFAULT_ACTOR_ISOLATION = MainActor;
				SWIFT_EMIT_LOC_STRINGS = YES;
				SWIFT_STRICT_CONCURRENCY = complete;
				SWIFT_UPCOMING_FEATURE_MEMBER_IMPORT_VISIBILITY = YES;
				SWIFT_VERSION = 6.0;
			};
			name = Release;
		};
/* End XCBuildConfiguration section */

/* Begin XCConfigurationList section */
		6D6720212F5B6CC10023D811 /* Build configuration list for PBXNativeTarget "TranslateCallTests" */ = {
			isa = XCConfigurationList;
			buildConfigurations = (
				6D6720222F5B6CC10023D811 /* Debug */,
				6D6720232F5B6CC10023D811 /* Release */,
			);
			defaultConfigurationIsVisible = 0;
			defaultConfigurationName = Release;
		};
		6DC120EB2F5B66B800211F41 /* Build configuration list for PBXProject "TranslateCall" */ = {
			isa = XCConfigurationList;
			buildConfigurations = (
				6DC120F92F5B66B900211F41 /* Debug */,
				6DC120FA2F5B66B900211F41 /* Release */,
			);
			defaultConfigurationIsVisible = 0;
			defaultConfigurationName = Release;
		};
		6DC120FB2F5B66B900211F41 /* Build configuration list for PBXNativeTarget "TranslateCall" */ = {
			isa = XCConfigurationList;
			buildConfigurations = (
				6DC120FC2F5B66B900211F41 /* Debug */,
				6DC120FD2F5B66B900211F41 /* Release */,
			);
			defaultConfigurationIsVisible = 0;
			defaultConfigurationName = Release;
		};
/* End XCConfigurationList section */

/* Begin XCRemoteSwiftPackageReference section */
		6D6720342F5B70990023D811 /* XCRemoteSwiftPackageReference "FluidAudio" */ = {
			isa = XCRemoteSwiftPackageReference;
			repositoryURL = "https://github.com/FluidInference/FluidAudio";
			requirement = {
				branch = main;
				kind = branch;
			};
		};
		6D67203A2F5E70990023D811 /* XCRemoteSwiftPackageReference "mlx-audio-swift" */ = {
			isa = XCRemoteSwiftPackageReference;
			repositoryURL = "https://github.com/Blaizzy/mlx-audio-swift.git";
			requirement = {
				kind = upToNextMajorVersion;
				minimumVersion = 0.1.2;
			};
		};
		6DAA03682F69392600A49B15 /* XCRemoteSwiftPackageReference "WhisperKit" */ = {
			isa = XCRemoteSwiftPackageReference;
			repositoryURL = "https://github.com/argmaxinc/WhisperKit";
			requirement = {
				kind = versionRange;
				maximumVersion = 0.18.0;
				minimumVersion = 0.17.0;
			};
		};
		6DAA036B2F7A000000A49B15 /* XCRemoteSwiftPackageReference "Starscream" */ = {
			isa = XCRemoteSwiftPackageReference;
			repositoryURL = "https://github.com/daltoniam/Starscream.git";
			requirement = {
				kind = upToNextMajorVersion;
				minimumVersion = 4.0.6;
			};
		};
/* End XCRemoteSwiftPackageReference section */

/* Begin XCSwiftPackageProductDependency section */
		6D6720352F5B70990023D811 /* FluidAudio */ = {
			isa = XCSwiftPackageProductDependency;
			package = 6D6720342F5B70990023D811 /* XCRemoteSwiftPackageReference "FluidAudio" */;
			productName = FluidAudio;
		};
		6D6720382F5B70990023D811 /* FluidAudioEspeak */ = {
			isa = XCSwiftPackageProductDependency;
			package = 6D6720342F5B70990023D811 /* XCRemoteSwiftPackageReference "FluidAudio" */;
			productName = FluidAudioEspeak;
		};
		6D67203B2F5E70990023D811 /* MLXAudioTTS */ = {
			isa = XCSwiftPackageProductDependency;
			package = 6D67203A2F5E70990023D811 /* XCRemoteSwiftPackageReference "mlx-audio-swift" */;
			productName = MLXAudioTTS;
		};
		6D67203C2F5E70990023D811 /* MLXAudioCore */ = {
			isa = XCSwiftPackageProductDependency;
			package = 6D67203A2F5E70990023D811 /* XCRemoteSwiftPackageReference "mlx-audio-swift" */;
			productName = MLXAudioCore;
		};
		6DAA03692F69392600A49B15 /* WhisperKit */ = {
			isa = XCSwiftPackageProductDependency;
			package = 6DAA03682F69392600A49B15 /* XCRemoteSwiftPackageReference "WhisperKit" */;
			productName = WhisperKit;
		};
		6DAA036C2F7A000000A49B15 /* Starscream */ = {
			isa = XCSwiftPackageProductDependency;
			package = 6DAA036B2F7A000000A49B15 /* XCRemoteSwiftPackageReference "Starscream" */;
			productName = Starscream;
		};
/* End XCSwiftPackageProductDependency section */
	};
	rootObject = 6DC120E82F5B66B800211F41 /* Project object */;
}
